// !$*UTF8*$!
{
	archiveVersion = 1;
	classes = {
	};
	objectVersion = 56;
	objects = {

/* Begin PBXBuildFile section */
		33A906AA2D3352A80043AD5A /* GoogleService-Info.plist in Resources */ = {isa = PBXBuildFile; fileRef = 33A906A92D3352A80043AD5A /* GoogleService-Info.plist */; };
		6473439B29A1C4B10032EFF2 /* ReleaseApp.swift in Sources */ = {isa = PBXBuildFile; fileRef = 6473439A29A1C4B10032EFF2 /* ReleaseApp.swift */; };
		6473439F29A1C4B30032EFF2 /* Assets.xcassets in Resources */ = {isa = PBXBuildFile; fileRef = 6473439E29A1C4B30032EFF2 /* Assets.xcassets */; };
		647343A229A1C4B30032EFF2 /* Preview Assets.xcassets in Resources */ = {isa = PBXBuildFile; fileRef = 647343A129A1C4B30032EFF2 /* Preview Assets.xcassets */; };
		64D6A69F2A7F4BA400793CF1 /* AnniversariesKit in Frameworks */ = {isa = PBXBuildFile; productRef = 64D6A69E2A7F4BA400793CF1 /* AnniversariesKit */; };
		D159B36B2B9404C80030A161 /* PrivacyInfo.xcprivacy in Resources */ = {isa = PBXBuildFile; fileRef = D159B36A2B9404C80030A161 /* PrivacyInfo.xcprivacy */; };
		D16566272BDDE3DF001420D4 /* WidgetKit.framework in Frameworks */ = {isa = PBXBuildFile; fileRef = D16566262BDDE3DF001420D4 /* WidgetKit.framework */; };
		D16566292BDDE3DF001420D4 /* SwiftUI.framework in Frameworks */ = {isa = PBXBuildFile; fileRef = D16566282BDDE3DF001420D4 /* SwiftUI.framework */; };
		D165662C2BDDE3DF001420D4 /* AnniversaryWidgetBundle.swift in Sources */ = {isa = PBXBuildFile; fileRef = D165662B2BDDE3DF001420D4 /* AnniversaryWidgetBundle.swift */; };
		D16566302BDDE3E0001420D4 /* Assets.xcassets in Resources */ = {isa = PBXBuildFile; fileRef = D165662F2BDDE3E0001420D4 /* Assets.xcassets */; };
		D16566342BDDE3E0001420D4 /* AnniversaryWidgetExtension.appex in Embed Foundation Extensions */ = {isa = PBXBuildFile; fileRef = D16566252BDDE3DF001420D4 /* AnniversaryWidgetExtension.appex */; settings = {ATTRIBUTES = (RemoveHeadersOnCopy, ); }; };
		D165663A2BDDE3F2001420D4 /* AppWidget in Frameworks */ = {isa = PBXBuildFile; productRef = D16566392BDDE3F2001420D4 /* AppWidget */; };
/* End PBXBuildFile section */

/* Begin PBXContainerItemProxy section */
		D16566322BDDE3E0001420D4 /* PBXContainerItemProxy */ = {
			isa = PBXContainerItemProxy;
			containerPortal = 6473438F29A1C4B10032EFF2 /* Project object */;
			proxyType = 1;
			remoteGlobalIDString = D16566242BDDE3DF001420D4;
			remoteInfo = AnniversaryWidgetExtension;
		};
/* End PBXContainerItemProxy section */

/* Begin PBXCopyFilesBuildPhase section */
		D16566352BDDE3E0001420D4 /* Embed Foundation Extensions */ = {
			isa = PBXCopyFilesBuildPhase;
			buildActionMask = 2147483647;
			dstPath = "";
			dstSubfolderSpec = 13;
			files = (
				D16566342BDDE3E0001420D4 /* AnniversaryWidgetExtension.appex in Embed Foundation Extensions */,
			);
			name = "Embed Foundation Extensions";
			runOnlyForDeploymentPostprocessing = 0;
		};
/* End PBXCopyFilesBuildPhase section */

/* Begin PBXFileReference section */
		336FEF972C71731B0098F9B6 /* Release.entitlements */ = {isa = PBXFileReference; lastKnownFileType = text.plist.entitlements; path = Release.entitlements; sourceTree = "<group>"; };
		33A906A92D3352A80043AD5A /* GoogleService-Info.plist */ = {isa = PBXFileReference; fileEncoding = 4; lastKnownFileType = text.plist.xml; path = "GoogleService-Info.plist"; sourceTree = "<group>"; };
		33D8DDF82C717CD90089D7AD /* AnniversaryWidgetExtension.entitlements */ = {isa = PBXFileReference; lastKnownFileType = text.plist.entitlements; path = AnniversaryWidgetExtension.entitlements; sourceTree = "<group>"; };
		6473439729A1C4B10032EFF2 /* Release.app */ = {isa = PBXFileReference; explicitFileType = wrapper.application; includeInIndex = 0; path = Release.app; sourceTree = BUILT_PRODUCTS_DIR; };
		6473439A29A1C4B10032EFF2 /* ReleaseApp.swift */ = {isa = PBXFileReference; lastKnownFileType = sourcecode.swift; path = ReleaseApp.swift; sourceTree = "<group>"; };
		6473439E29A1C4B30032EFF2 /* Assets.xcassets */ = {isa = PBXFileReference; lastKnownFileType = folder.assetcatalog; path = Assets.xcassets; sourceTree = "<group>"; };
		647343A129A1C4B30032EFF2 /* Preview Assets.xcassets */ = {isa = PBXFileReference; lastKnownFileType = folder.assetcatalog; path = "Preview Assets.xcassets"; sourceTree = "<group>"; };
		D159B36A2B9404C80030A161 /* PrivacyInfo.xcprivacy */ = {isa = PBXFileReference; lastKnownFileType = text.xml; path = PrivacyInfo.xcprivacy; sourceTree = "<group>"; };
		D16566252BDDE3DF001420D4 /* AnniversaryWidgetExtension.appex */ = {isa = PBXFileReference; explicitFileType = "wrapper.app-extension"; includeInIndex = 0; path = AnniversaryWidgetExtension.appex; sourceTree = BUILT_PRODUCTS_DIR; };
		D16566262BDDE3DF001420D4 /* WidgetKit.framework */ = {isa = PBXFileReference; lastKnownFileType = wrapper.framework; name = WidgetKit.framework; path = System/Library/Frameworks/WidgetKit.framework; sourceTree = SDKROOT; };
		D16566282BDDE3DF001420D4 /* SwiftUI.framework */ = {isa = PBXFileReference; lastKnownFileType = wrapper.framework; name = SwiftUI.framework; path = System/Library/Frameworks/SwiftUI.framework; sourceTree = SDKROOT; };
		D165662B2BDDE3DF001420D4 /* AnniversaryWidgetBundle.swift */ = {isa = PBXFileReference; lastKnownFileType = sourcecode.swift; path = AnniversaryWidgetBundle.swift; sourceTree = "<group>"; };
		D165662F2BDDE3E0001420D4 /* Assets.xcassets */ = {isa = PBXFileReference; lastKnownFileType = folder.assetcatalog; path = Assets.xcassets; sourceTree = "<group>"; };
		D16566312BDDE3E0001420D4 /* Info.plist */ = {isa = PBXFileReference; lastKnownFileType = text.plist.xml; path = Info.plist; sourceTree = "<group>"; };
/* End PBXFileReference section */

/* Begin PBXFrameworksBuildPhase section */
		6473439429A1C4B10032EFF2 /* Frameworks */ = {
			isa = PBXFrameworksBuildPhase;
			buildActionMask = 2147483647;
			files = (
				64D6A69F2A7F4BA400793CF1 /* AnniversariesKit in Frameworks */,
			);
			runOnlyForDeploymentPostprocessing = 0;
		};
		D16566222BDDE3DF001420D4 /* Frameworks */ = {
			isa = PBXFrameworksBuildPhase;
			buildActionMask = 2147483647;
			files = (
				D165663A2BDDE3F2001420D4 /* AppWidget in Frameworks */,
				D16566292BDDE3DF001420D4 /* SwiftUI.framework in Frameworks */,
				D16566272BDDE3DF001420D4 /* WidgetKit.framework in Frameworks */,
			);
			runOnlyForDeploymentPostprocessing = 0;
		};
/* End PBXFrameworksBuildPhase section */

/* Begin PBXGroup section */
		6473438E29A1C4B10032EFF2 = {
			isa = PBXGroup;
			children = (
				33D8DDF82C717CD90089D7AD /* AnniversaryWidgetExtension.entitlements */,
				6473439929A1C4B10032EFF2 /* Release */,
				D165662A2BDDE3DF001420D4 /* AnniversaryWidget */,
				6473439829A1C4B10032EFF2 /* Products */,
				647343A829A1C4F20032EFF2 /* Frameworks */,
			);
			sourceTree = "<group>";
		};
		6473439829A1C4B10032EFF2 /* Products */ = {
			isa = PBXGroup;
			children = (
				6473439729A1C4B10032EFF2 /* Release.app */,
				D16566252BDDE3DF001420D4 /* AnniversaryWidgetExtension.appex */,
			);
			name = Products;
			sourceTree = "<group>";
		};
		6473439929A1C4B10032EFF2 /* Release */ = {
			isa = PBXGroup;
			children = (
				33A906A92D3352A80043AD5A /* GoogleService-Info.plist */,
				336FEF972C71731B0098F9B6 /* Release.entitlements */,
				6473439A29A1C4B10032EFF2 /* ReleaseApp.swift */,
				6473439E29A1C4B30032EFF2 /* Assets.xcassets */,
				647343A029A1C4B30032EFF2 /* Preview Content */,
				D159B36A2B9404C80030A161 /* PrivacyInfo.xcprivacy */,
			);
			path = Release;
			sourceTree = "<group>";
		};
		647343A029A1C4B30032EFF2 /* Preview Content */ = {
			isa = PBXGroup;
			children = (
				647343A129A1C4B30032EFF2 /* Preview Assets.xcassets */,
			);
			path = "Preview Content";
			sourceTree = "<group>";
		};
		647343A829A1C4F20032EFF2 /* Frameworks */ = {
			isa = PBXGroup;
			children = (
				D16566262BDDE3DF001420D4 /* WidgetKit.framework */,
				D16566282BDDE3DF001420D4 /* SwiftUI.framework */,
			);
			name = Frameworks;
			sourceTree = "<group>";
		};
		D165662A2BDDE3DF001420D4 /* AnniversaryWidget */ = {
			isa = PBXGroup;
			children = (
				D165662B2BDDE3DF001420D4 /* AnniversaryWidgetBundle.swift */,
				D165662F2BDDE3E0001420D4 /* Assets.xcassets */,
				D16566312BDDE3E0001420D4 /* Info.plist */,
			);
			path = AnniversaryWidget;
			sourceTree = "<group>";
		};
/* End PBXGroup section */

/* Begin PBXNativeTarget section */
		6473439629A1C4B10032EFF2 /* Release */ = {
			isa = PBXNativeTarget;
			buildConfigurationList = 647343A529A1C4B30032EFF2 /* Build configuration list for PBXNativeTarget "Release" */;
			buildPhases = (
				6473439329A1C4B10032EFF2 /* Sources */,
				6473439429A1C4B10032EFF2 /* Frameworks */,
				6473439529A1C4B10032EFF2 /* Resources */,
				D16566352BDDE3E0001420D4 /* Embed Foundation Extensions */,
				33A906A82D3351CA0043AD5A /* Crashlytics */,
			);
			buildRules = (
			);
			dependencies = (
				D16566332BDDE3E0001420D4 /* PBXTargetDependency */,
			);
			name = Release;
			packageProductDependencies = (
				64D6A69E2A7F4BA400793CF1 /* AnniversariesKit */,
			);
			productName = Release;
			productReference = 6473439729A1C4B10032EFF2 /* Release.app */;
			productType = "com.apple.product-type.application";
		};
		D16566242BDDE3DF001420D4 /* AnniversaryWidgetExtension */ = {
			isa = PBXNativeTarget;
			buildConfigurationList = D16566382BDDE3E0001420D4 /* Build configuration list for PBXNativeTarget "AnniversaryWidgetExtension" */;
			buildPhases = (
				D16566212BDDE3DF001420D4 /* Sources */,
				D16566222BDDE3DF001420D4 /* Frameworks */,
				D16566232BDDE3DF001420D4 /* Resources */,
			);
			buildRules = (
			);
			dependencies = (
			);
			name = AnniversaryWidgetExtension;
			packageProductDependencies = (
				D16566392BDDE3F2001420D4 /* AppWidget */,
			);
			productName = AnniversaryWidgetExtension;
			productReference = D16566252BDDE3DF001420D4 /* AnniversaryWidgetExtension.appex */;
			productType = "com.apple.product-type.app-extension";
		};
/* End PBXNativeTarget section */

/* Begin PBXProject section */
		6473438F29A1C4B10032EFF2 /* Project object */ = {
			isa = PBXProject;
			attributes = {
				BuildIndependentTargetsInParallel = 1;
				LastSwiftUpdateCheck = 1500;
				LastUpgradeCheck = 1410;
				TargetAttributes = {
					6473439629A1C4B10032EFF2 = {
						CreatedOnToolsVersion = 14.1;
					};
					D16566242BDDE3DF001420D4 = {
						CreatedOnToolsVersion = 15.0.1;
					};
				};
			};
			buildConfigurationList = 6473439229A1C4B10032EFF2 /* Build configuration list for PBXProject "Release" */;
			compatibilityVersion = "Xcode 14.0";
			developmentRegion = en;
			hasScannedForEncodings = 0;
			knownRegions = (
				en,
				Base,
			);
			mainGroup = 6473438E29A1C4B10032EFF2;
			productRefGroup = 6473439829A1C4B10032EFF2 /* Products */;
			projectDirPath = "";
			projectRoot = "";
			targets = (
				6473439629A1C4B10032EFF2 /* Release */,
				D16566242BDDE3DF001420D4 /* AnniversaryWidgetExtension */,
			);
		};
/* End PBXProject section */

/* Begin PBXResourcesBuildPhase section */
		6473439529A1C4B10032EFF2 /* Resources */ = {
			isa = PBXResourcesBuildPhase;
			buildActionMask = 2147483647;
			files = (
				D159B36B2B9404C80030A161 /* PrivacyInfo.xcprivacy in Resources */,
				33A906AA2D3352A80043AD5A /* GoogleService-Info.plist in Resources */,
				647343A229A1C4B30032EFF2 /* Preview Assets.xcassets in Resources */,
				6473439F29A1C4B30032EFF2 /* Assets.xcassets in Resources */,
			);
			runOnlyForDeploymentPostprocessing = 0;
		};
		D16566232BDDE3DF001420D4 /* Resources */ = {
			isa = PBXResourcesBuildPhase;
			buildActionMask = 2147483647;
			files = (
				D16566302BDDE3E0001420D4 /* Assets.xcassets in Resources */,
			);
			runOnlyForDeploymentPostprocessing = 0;
		};
/* End PBXResourcesBuildPhase section */

/* Begin PBXShellScriptBuildPhase section */
		33A906A82D3351CA0043AD5A /* Crashlytics */ = {
			isa = PBXShellScriptBuildPhase;
			alwaysOutOfDate = 1;
			buildActionMask = 2147483647;
			files = (
			);
			inputFileListPaths = (
			);
			inputPaths = (
				"${DWARF_DSYM_FOLDER_PATH}/${DWARF_DSYM_FILE_NAME}",
				"${DWARF_DSYM_FOLDER_PATH}/${DWARF_DSYM_FILE_NAME}/Contents/Resources/DWARF/${PRODUCT_NAME}",
				"${DWARF_DSYM_FOLDER_PATH}/${DWARF_DSYM_FILE_NAME}/Contents/Info.plist",
				"$(TARGET_BUILD_DIR)/$(UNLOCALIZED_RESOURCES_FOLDER_PATH)/GoogleService-Info.plist",
				"$(TARGET_BUILD_DIR)/$(EXECUTABLE_PATH)",
			);
			name = Crashlytics;
			outputFileListPaths = (
			);
			outputPaths = (
			);
			runOnlyForDeploymentPostprocessing = 0;
			shellPath = /bin/sh;
			shellScript = "\"${BUILD_DIR%/Build/*}/SourcePackages/checkouts/firebase-ios-sdk/Crashlytics/run\"\n";
		};
/* End PBXShellScriptBuildPhase section */

/* Begin PBXSourcesBuildPhase section */
		6473439329A1C4B10032EFF2 /* Sources */ = {
			isa = PBXSourcesBuildPhase;
			buildActionMask = 2147483647;
			files = (
				6473439B29A1C4B10032EFF2 /* ReleaseApp.swift in Sources */,
			);
			runOnlyForDeploymentPostprocessing = 0;
		};
		D16566212BDDE3DF001420D4 /* Sources */ = {
			isa = PBXSourcesBuildPhase;
			buildActionMask = 2147483647;
			files = (
				D165662C2BDDE3DF001420D4 /* AnniversaryWidgetBundle.swift in Sources */,
			);
			runOnlyForDeploymentPostprocessing = 0;
		};
/* End PBXSourcesBuildPhase section */

/* Begin PBXTargetDependency section */
		D16566332BDDE3E0001420D4 /* PBXTargetDependency */ = {
			isa = PBXTargetDependency;
			target = D16566242BDDE3DF001420D4 /* AnniversaryWidgetExtension */;
			targetProxy = D16566322BDDE3E0001420D4 /* PBXContainerItemProxy */;
		};
/* End PBXTargetDependency section */

/* Begin XCBuildConfiguration section */
		647343A329A1C4B30032EFF2 /* Debug */ = {
			isa = XCBuildConfiguration;
			buildSettings = {
				ALWAYS_SEARCH_USER_PATHS = NO;
				CLANG_ANALYZER_NONNULL = YES;
				CLANG_ANALYZER_NUMBER_OBJECT_CONVERSION = YES_AGGRESSIVE;
				CLANG_CXX_LANGUAGE_STANDARD = "gnu++20";
				CLANG_ENABLE_MODULES = YES;
				CLANG_ENABLE_OBJC_ARC = YES;
				CLANG_ENABLE_OBJC_WEAK = YES;
				CLANG_WARN_BLOCK_CAPTURE_AUTORELEASING = YES;
				CLANG_WARN_BOOL_CONVERSION = YES;
				CLANG_WARN_COMMA = YES;
				CLANG_WARN_CONSTANT_CONVERSION = YES;
				CLANG_WARN_DEPRECATED_OBJC_IMPLEMENTATIONS = YES;
				CLANG_WARN_DIRECT_OBJC_ISA_USAGE = YES_ERROR;
				CLANG_WARN_DOCUMENTATION_COMMENTS = YES;
				CLANG_WARN_EMPTY_BODY = YES;
				CLANG_WARN_ENUM_CONVERSION = YES;
				CLANG_WARN_INFINITE_RECURSION = YES;
				CLANG_WARN_INT_CONVERSION = YES;
				CLANG_WARN_NON_LITERAL_NULL_CONVERSION = YES;
				CLANG_WARN_OBJC_IMPLICIT_RETAIN_SELF = YES;
				CLANG_WARN_OBJC_LITERAL_CONVERSION = YES;
				CLANG_WARN_OBJC_ROOT_CLASS = YES_ERROR;
				CLANG_WARN_QUOTED_INCLUDE_IN_FRAMEWORK_HEADER = YES;
				CLANG_WARN_RANGE_LOOP_ANALYSIS = YES;
				CLANG_WARN_STRICT_PROTOTYPES = YES;
				CLANG_WARN_SUSPICIOUS_MOVE = YES;
				CLANG_WARN_UNGUARDED_AVAILABILITY = YES_AGGRESSIVE;
				CLANG_WARN_UNREACHABLE_CODE = YES;
				CLANG_WARN__DUPLICATE_METHOD_MATCH = YES;
				COPY_PHASE_STRIP = NO;
				DEBUG_INFORMATION_FORMAT = "dwarf-with-dsym";
				ENABLE_STRICT_OBJC_MSGSEND = YES;
				ENABLE_TESTABILITY = YES;
				GCC_C_LANGUAGE_STANDARD = gnu11;
				GCC_DYNAMIC_NO_PIC = NO;
				GCC_NO_COMMON_BLOCKS = YES;
				GCC_OPTIMIZATION_LEVEL = 0;
				GCC_PREPROCESSOR_DEFINITIONS = (
					"DEBUG=1",
					"$(inherited)",
				);
				GCC_WARN_64_TO_32_BIT_CONVERSION = YES;
				GCC_WARN_ABOUT_RETURN_TYPE = YES_ERROR;
				GCC_WARN_UNDECLARED_SELECTOR = YES;
				GCC_WARN_UNINITIALIZED_AUTOS = YES_AGGRESSIVE;
				GCC_WARN_UNUSED_FUNCTION = YES;
				GCC_WARN_UNUSED_VARIABLE = YES;
				IPHONEOS_DEPLOYMENT_TARGET = 17.0;
				MTL_ENABLE_DEBUG_INFO = INCLUDE_SOURCE;
				MTL_FAST_MATH = YES;
				ONLY_ACTIVE_ARCH = YES;
				SDKROOT = iphoneos;
				SWIFT_ACTIVE_COMPILATION_CONDITIONS = DEBUG;
				SWIFT_OPTIMIZATION_LEVEL = "-Onone";
			};
			name = Debug;
		};
		647343A429A1C4B30032EFF2 /* Release */ = {
			isa = XCBuildConfiguration;
			buildSettings = {
				ALWAYS_SEARCH_USER_PATHS = NO;
				CLANG_ANALYZER_NONNULL = YES;
				CLANG_ANALYZER_NUMBER_OBJECT_CONVERSION = YES_AGGRESSIVE;
				CLANG_CXX_LANGUAGE_STANDARD = "gnu++20";
				CLANG_ENABLE_MODULES = YES;
				CLANG_ENABLE_OBJC_ARC = YES;
				CLANG_ENABLE_OBJC_WEAK = YES;
				CLANG_WARN_BLOCK_CAPTURE_AUTORELEASING = YES;
				CLANG_WARN_BOOL_CONVERSION = YES;
				CLANG_WARN_COMMA = YES;
				CLANG_WARN_CONSTANT_CONVERSION = YES;
				CLANG_WARN_DEPRECATED_OBJC_IMPLEMENTATIONS = YES;
				CLANG_WARN_DIRECT_OBJC_ISA_USAGE = YES_ERROR;
				CLANG_WARN_DOCUMENTATION_COMMENTS = YES;
				CLANG_WARN_EMPTY_BODY = YES;
				CLANG_WARN_ENUM_CONVERSION = YES;
				CLANG_WARN_INFINITE_RECURSION = YES;
				CLANG_WARN_INT_CONVERSION = YES;
				CLANG_WARN_NON_LITERAL_NULL_CONVERSION = YES;
				CLANG_WARN_OBJC_IMPLICIT_RETAIN_SELF = YES;
				CLANG_WARN_OBJC_LITERAL_CONVERSION = YES;
				CLANG_WARN_OBJC_ROOT_CLASS = YES_ERROR;
				CLANG_WARN_QUOTED_INCLUDE_IN_FRAMEWORK_HEADER = YES;
				CLANG_WARN_RANGE_LOOP_ANALYSIS = YES;
				CLANG_WARN_STRICT_PROTOTYPES = YES;
				CLANG_WARN_SUSPICIOUS_MOVE = YES;
				CLANG_WARN_UNGUARDED_AVAILABILITY = YES_AGGRESSIVE;
				CLANG_WARN_UNREACHABLE_CODE = YES;
				CLANG_WARN__DUPLICATE_METHOD_MATCH = YES;
				COPY_PHASE_STRIP = NO;
				DEBUG_INFORMATION_FORMAT = "dwarf-with-dsym";
				ENABLE_NS_ASSERTIONS = NO;
				ENABLE_STRICT_OBJC_MSGSEND = YES;
				GCC_C_LANGUAGE_STANDARD = gnu11;
				GCC_NO_COMMON_BLOCKS = YES;
				GCC_WARN_64_TO_32_BIT_CONVERSION = YES;
				GCC_WARN_ABOUT_RETURN_TYPE = YES_ERROR;
				GCC_WARN_UNDECLARED_SELECTOR = YES;
				GCC_WARN_UNINITIALIZED_AUTOS = YES_AGGRESSIVE;
				GCC_WARN_UNUSED_FUNCTION = YES;
				GCC_WARN_UNUSED_VARIABLE = YES;
				IPHONEOS_DEPLOYMENT_TARGET = 17.0;
				MTL_ENABLE_DEBUG_INFO = NO;
				MTL_FAST_MATH = YES;
				SDKROOT = iphoneos;
				SWIFT_COMPILATION_MODE = wholemodule;
				SWIFT_OPTIMIZATION_LEVEL = "-O";
				VALIDATE_PRODUCT = YES;
			};
			name = Release;
		};
		647343A629A1C4B30032EFF2 /* Debug */ = {
			isa = XCBuildConfiguration;
			buildSettings = {
				ALWAYS_EMBED_SWIFT_STANDARD_LIBRARIES = YES;
				ASSETCATALOG_COMPILER_APPICON_NAME = AppIcon;
				ASSETCATALOG_COMPILER_GLOBAL_ACCENT_COLOR_NAME = AccentColor;
				CODE_SIGN_ENTITLEMENTS = Release/Release.entitlements;
				"CODE_SIGN_IDENTITY[sdk=iphoneos*]" = "iPhone Distribution";
				CODE_SIGN_STYLE = Manual;
				DEVELOPMENT_ASSET_PATHS = "\"Release/Preview Content\"";
				DEVELOPMENT_TEAM = "";
				"DEVELOPMENT_TEAM[sdk=iphoneos*]" = 9WKN3P3PYL;
				ENABLE_PREVIEWS = YES;
				GENERATE_INFOPLIST_FILE = NO;
				INFOPLIST_FILE = ../Shared/App/Info.plist;
				INFOPLIST_KEY_UIApplicationSceneManifest_Generation = YES;
				INFOPLIST_KEY_UIApplicationSupportsIndirectInputEvents = YES;
				INFOPLIST_KEY_UILaunchScreen_Generation = YES;
				INFOPLIST_KEY_UISupportedInterfaceOrientations_iPad = "UIInterfaceOrientationPortrait UIInterfaceOrientationPortraitUpsideDown UIInterfaceOrientationLandscapeLeft UIInterfaceOrientationLandscapeRight";
				INFOPLIST_KEY_UISupportedInterfaceOrientations_iPhone = "UIInterfaceOrientationPortrait UIInterfaceOrientationLandscapeLeft UIInterfaceOrientationLandscapeRight";
				IPHONEOS_DEPLOYMENT_TARGET = 17.0;
				LD_RUNPATH_SEARCH_PATHS = (
					"$(inherited)",
					"@executable_path/Frameworks",
				);
				PRODUCT_BUNDLE_IDENTIFIER = com.anniversaries.release;
				PRODUCT_NAME = "$(TARGET_NAME)";
				PROVISIONING_PROFILE_SPECIFIER = "";
				"PROVISIONING_PROFILE_SPECIFIER[sdk=iphoneos*]" = Anniversaries_AppStore;
				SUPPORTED_PLATFORMS = "iphoneos iphonesimulator";
				SUPPORTS_MACCATALYST = NO;
				SUPPORTS_MAC_DESIGNED_FOR_IPHONE_IPAD = NO;
				SWIFT_EMIT_LOC_STRINGS = YES;
				SWIFT_VERSION = 5.0;
				TARGETED_DEVICE_FAMILY = 1;
			};
			name = Debug;
		};
		647343A729A1C4B30032EFF2 /* Release */ = {
			isa = XCBuildConfiguration;
			buildSettings = {
				ALWAYS_EMBED_SWIFT_STANDARD_LIBRARIES = YES;
				ASSETCATALOG_COMPILER_APPICON_NAME = AppIcon;
				ASSETCATALOG_COMPILER_GLOBAL_ACCENT_COLOR_NAME = AccentColor;
				CODE_SIGN_ENTITLEMENTS = Release/Release.entitlements;
				"CODE_SIGN_IDENTITY[sdk=iphoneos*]" = "iPhone Distribution";
				CODE_SIGN_STYLE = Manual;
				DEVELOPMENT_ASSET_PATHS = "\"Release/Preview Content\"";
				DEVELOPMENT_TEAM = "";
				"DEVELOPMENT_TEAM[sdk=iphoneos*]" = 9WKN3P3PYL;
				ENABLE_PREVIEWS = YES;
				GENERATE_INFOPLIST_FILE = NO;
				INFOPLIST_FILE = ../Shared/App/Info.plist;
				INFOPLIST_KEY_UIApplicationSceneManifest_Generation = YES;
				INFOPLIST_KEY_UIApplicationSupportsIndirectInputEvents = YES;
				INFOPLIST_KEY_UILaunchScreen_Generation = YES;
				INFOPLIST_KEY_UISupportedInterfaceOrientations_iPad = "UIInterfaceOrientationPortrait UIInterfaceOrientationPortraitUpsideDown UIInterfaceOrientationLandscapeLeft UIInterfaceOrientationLandscapeRight";
				INFOPLIST_KEY_UISupportedInterfaceOrientations_iPhone = "UIInterfaceOrientationPortrait UIInterfaceOrientationLandscapeLeft UIInterfaceOrientationLandscapeRight";
				IPHONEOS_DEPLOYMENT_TARGET = 17.0;
				LD_RUNPATH_SEARCH_PATHS = (
					"$(inherited)",
					"@executable_path/Frameworks",
				);
				PRODUCT_BUNDLE_IDENTIFIER = com.anniversaries.release;
				PRODUCT_NAME = "$(TARGET_NAME)";
				PROVISIONING_PROFILE_SPECIFIER = "";
				"PROVISIONING_PROFILE_SPECIFIER[sdk=iphoneos*]" = Anniversaries_AppStore;
				SUPPORTED_PLATFORMS = "iphoneos iphonesimulator";
				SUPPORTS_MACCATALYST = NO;
				SUPPORTS_MAC_DESIGNED_FOR_IPHONE_IPAD = NO;
				SWIFT_EMIT_LOC_STRINGS = YES;
				SWIFT_VERSION = 5.0;
				TARGETED_DEVICE_FAMILY = 1;
			};
			name = Release;
		};
		D16566362BDDE3E0001420D4 /* Debug */ = {
			isa = XCBuildConfiguration;
			buildSettings = {
				ASSETCATALOG_COMPILER_GENERATE_SWIFT_ASSET_SYMBOL_EXTENSIONS = YES;
				ASSETCATALOG_COMPILER_GLOBAL_ACCENT_COLOR_NAME = AccentColor;
				ASSETCATALOG_COMPILER_WIDGET_BACKGROUND_COLOR_NAME = WidgetBackground;
				CODE_SIGN_ENTITLEMENTS = AnniversaryWidgetExtension.entitlements;
				"CODE_SIGN_IDENTITY[sdk=iphoneos*]" = "iPhone Distribution";
				CODE_SIGN_STYLE = Manual;
				CURRENT_PROJECT_VERSION = 1;
				DEVELOPMENT_TEAM = "";
				"DEVELOPMENT_TEAM[sdk=iphoneos*]" = 9WKN3P3PYL;
				ENABLE_USER_SCRIPT_SANDBOXING = YES;
				GCC_C_LANGUAGE_STANDARD = gnu17;
				GENERATE_INFOPLIST_FILE = NO;
				INFOPLIST_FILE = ../Shared/Widget/Info.plist;
				INFOPLIST_KEY_CFBundleDisplayName = AnniversaryWidget;
				INFOPLIST_KEY_NSHumanReadableCopyright = "";
				LD_RUNPATH_SEARCH_PATHS = (
					"$(inherited)",
					"@executable_path/Frameworks",
					"@executable_path/../../Frameworks",
				);
				LOCALIZATION_PREFERS_STRING_CATALOGS = YES;
				MARKETING_VERSION = 1.0;
				PRODUCT_BUNDLE_IDENTIFIER = com.anniversaries.release.widget;
				PRODUCT_NAME = "$(TARGET_NAME)";
				PROVISIONING_PROFILE_SPECIFIER = "";
				"PROVISIONING_PROFILE_SPECIFIER[sdk=iphoneos*]" = Anniversaries_AppStore_Widget;
				SKIP_INSTALL = YES;
				SWIFT_ACTIVE_COMPILATION_CONDITIONS = "DEBUG $(inherited)";
				SWIFT_EMIT_LOC_STRINGS = YES;
				SWIFT_VERSION = 5.0;
				TARGETED_DEVICE_FAMILY = "1,2";
			};
			name = Debug;
		};
		D16566372BDDE3E0001420D4 /* Release */ = {
			isa = XCBuildConfiguration;
			buildSettings = {
				ASSETCATALOG_COMPILER_GENERATE_SWIFT_ASSET_SYMBOL_EXTENSIONS = YES;
				ASSETCATALOG_COMPILER_GLOBAL_ACCENT_COLOR_NAME = AccentColor;
				ASSETCATALOG_COMPILER_WIDGET_BACKGROUND_COLOR_NAME = WidgetBackground;
				CODE_SIGN_ENTITLEMENTS = AnniversaryWidgetExtension.entitlements;
				"CODE_SIGN_IDENTITY[sdk=iphoneos*]" = "iPhone Distribution";
				CODE_SIGN_STYLE = Manual;
				CURRENT_PROJECT_VERSION = 1;
				DEVELOPMENT_TEAM = "";
				"DEVELOPMENT_TEAM[sdk=iphoneos*]" = 9WKN3P3PYL;
				ENABLE_USER_SCRIPT_SANDBOXING = YES;
				GCC_C_LANGUAGE_STANDARD = gnu17;
				GENERATE_INFOPLIST_FILE = NO;
				INFOPLIST_FILE = ../Shared/Widget/Info.plist;
				INFOPLIST_KEY_CFBundleDisplayName = AnniversaryWidget;
				INFOPLIST_KEY_NSHumanReadableCopyright = "";
				LD_RUNPATH_SEARCH_PATHS = (
					"$(inherited)",
					"@executable_path/Frameworks",
					"@executable_path/../../Frameworks",
				);
				LOCALIZATION_PREFERS_STRING_CATALOGS = YES;
				MARKETING_VERSION = 1.0;
				PRODUCT_BUNDLE_IDENTIFIER = com.anniversaries.release.widget;
				PRODUCT_NAME = "$(TARGET_NAME)";
				PROVISIONING_PROFILE_SPECIFIER = "";
				"PROVISIONING_PROFILE_SPECIFIER[sdk=iphoneos*]" = Anniversaries_AppStore_Widget;
				SKIP_INSTALL = YES;
				SWIFT_EMIT_LOC_STRINGS = YES;
				SWIFT_VERSION = 5.0;
				TARGETED_DEVICE_FAMILY = "1,2";
			};
			name = Release;
		};
/* End XCBuildConfiguration section */

/* Begin XCConfigurationList section */
		6473439229A1C4B10032EFF2 /* Build configuration list for PBXProject "Release" */ = {
			isa = XCConfigurationList;
			buildConfigurations = (
				647343A329A1C4B30032EFF2 /* Debug */,
				647343A429A1C4B30032EFF2 /* Release */,
			);
			defaultConfigurationIsVisible = 0;
			defaultConfigurationName = Release;
		};
		647343A529A1C4B30032EFF2 /* Build configuration list for PBXNativeTarget "Release" */ = {
			isa = XCConfigurationList;
			buildConfigurations = (
				647343A629A1C4B30032EFF2 /* Debug */,
				647343A729A1C4B30032EFF2 /* Release */,
			);
			defaultConfigurationIsVisible = 0;
			defaultConfigurationName = Release;
		};
		D16566382BDDE3E0001420D4 /* Build configuration list for PBXNativeTarget "AnniversaryWidgetExtension" */ = {
			isa = XCConfigurationList;
			buildConfigurations = (
				D16566362BDDE3E0001420D4 /* Debug */,
				D16566372BDDE3E0001420D4 /* Release */,
			);
			defaultConfigurationIsVisible = 0;
			defaultConfigurationName = Release;
		};
/* End XCConfigurationList section */

/* Begin XCSwiftPackageProductDependency section */
		64D6A69E2A7F4BA400793CF1 /* AnniversariesKit */ = {
			isa = XCSwiftPackageProductDependency;
			productName = AnniversariesKit;
		};
		D16566392BDDE3F2001420D4 /* AppWidget */ = {
			isa = XCSwiftPackageProductDependency;
			productName = AppWidget;
		};
/* End XCSwiftPackageProductDependency section */
	};
	rootObject = 6473438F29A1C4B10032EFF2 /* Project object */;
}
